// !$*UTF8*$!
{
	archiveVersion = 1;
	classes = {
	};
	objectVersion = 50;
	objects = {

/* Begin PBXBuildFile section */
		740B5F1C22C7ACE7007F5D7A /* AppDelegate.swift in Sources */ = {isa = PBXBuildFile; fileRef = 740B5F1B22C7ACE7007F5D7A /* AppDelegate.swift */; };
		740B5F1E22C7ACE7007F5D7A /* SceneDelegate.swift in Sources */ = {isa = PBXBuildFile; fileRef = 740B5F1D22C7ACE7007F5D7A /* SceneDelegate.swift */; };
		740B5F2022C7ACE7007F5D7A /* ContentView.swift in Sources */ = {isa = PBXBuildFile; fileRef = 740B5F1F22C7ACE7007F5D7A /* ContentView.swift */; };
		740B5F2222C7ACE8007F5D7A /* Assets.xcassets in Resources */ = {isa = PBXBuildFile; fileRef = 740B5F2122C7ACE8007F5D7A /* Assets.xcassets */; };
		740B5F2522C7ACE8007F5D7A /* Preview Assets.xcassets in Resources */ = {isa = PBXBuildFile; fileRef = 740B5F2422C7ACE8007F5D7A /* Preview Assets.xcassets */; };
		740B5F2822C7ACE8007F5D7A /* LaunchScreen.storyboard in Resources */ = {isa = PBXBuildFile; fileRef = 740B5F2622C7ACE8007F5D7A /* LaunchScreen.storyboard */; };
		740B5F3222C7BEC0007F5D7A /* SimonButton.swift in Sources */ = {isa = PBXBuildFile; fileRef = 740B5F3122C7BEC0007F5D7A /* SimonButton.swift */; };
/* End PBXBuildFile section */

/* Begin PBXFileReference section */
		740B5F1822C7ACE7007F5D7A /* SimonSayz.app */ = {isa = PBXFileReference; explicitFileType = wrapper.application; includeInIndex = 0; path = SimonSayz.app; sourceTree = BUILT_PRODUCTS_DIR; };
		740B5F1B22C7ACE7007F5D7A /* AppDelegate.swift */ = {isa = PBXFileReference; lastKnownFileType = sourcecode.swift; path = AppDelegate.swift; sourceTree = "<group>"; };
		740B5F1D22C7ACE7007F5D7A /* SceneDelegate.swift */ = {isa = PBXFileReference; lastKnownFileType = sourcecode.swift; path = SceneDelegate.swift; sourceTree = "<group>"; };
		740B5F1F22C7ACE7007F5D7A /* ContentView.swift */ = {isa = PBXFileReference; lastKnownFileType = sourcecode.swift; path = ContentView.swift; sourceTree = "<group>"; };
		740B5F2122C7ACE8007F5D7A /* Assets.xcassets */ = {isa = PBXFileReference; lastKnownFileType = folder.assetcatalog; path = Assets.xcassets; sourceTree = "<group>"; };
		740B5F2422C7ACE8007F5D7A /* Preview Assets.xcassets */ = {isa = PBXFileReference; lastKnownFileType = folder.assetcatalog; path = "Preview Assets.xcassets"; sourceTree = "<group>"; };
		740B5F2722C7ACE8007F5D7A /* Base */ = {isa = PBXFileReference; lastKnownFileType = file.storyboard; name = Base; path = Base.lproj/LaunchScreen.storyboard; sourceTree = "<group>"; };
		740B5F2922C7ACE8007F5D7A /* Info.plist */ = {isa = PBXFileReference; lastKnownFileType = text.plist.xml; path = Info.plist; sourceTree = "<group>"; };
		740B5F3122C7BEC0007F5D7A /* SimonButton.swift */ = {isa = PBXFileReference; fileEncoding = 4; lastKnownFileType = sourcecode.swift; name = SimonButton.swift; path = ../../../../.Trash/SimonButton.swift; sourceTree = "<group>"; };
/* End PBXFileReference section */

/* Begin PBXFrameworksBuildPhase section */
		740B5F1522C7ACE7007F5D7A /* Frameworks */ = {
			isa = PBXFrameworksBuildPhase;
			buildActionMask = 2147483647;
			files = (
			);
			runOnlyForDeploymentPostprocessing = 0;
		};
/* End PBXFrameworksBuildPhase section */

/* Begin PBXGroup section */
		740B5F0F22C7ACE6007F5D7A = {
			isa = PBXGroup;
			children = (
				740B5F1A22C7ACE7007F5D7A /* SimonSayz */,
				740B5F1922C7ACE7007F5D7A /* Products */,
			);
			sourceTree = "<group>";
		};
		740B5F1922C7ACE7007F5D7A /* Products */ = {
			isa = PBXGroup;
			children = (
				740B5F1822C7ACE7007F5D7A /* SimonSayz.app */,
			);
			name = Products;
			sourceTree = "<group>";
		};
		740B5F1A22C7ACE7007F5D7A /* SimonSayz */ = {
			isa = PBXGroup;
			children = (
				740B5F1B22C7ACE7007F5D7A /* AppDelegate.swift */,
				740B5F1D22C7ACE7007F5D7A /* SceneDelegate.swift */,
				740B5F1F22C7ACE7007F5D7A /* ContentView.swift */,
				740B5F3122C7BEC0007F5D7A /* SimonButton.swift */,
				740B5F2122C7ACE8007F5D7A /* Assets.xcassets */,
				740B5F2622C7ACE8007F5D7A /* LaunchScreen.storyboard */,
				740B5F2922C7ACE8007F5D7A /* Info.plist */,
				740B5F2322C7ACE8007F5D7A /* Preview Content */,
			);
			path = SimonSayz;
			sourceTree = "<group>";
		};
		740B5F2322C7ACE8007F5D7A /* Preview Content */ = {
			isa = PBXGroup;
			children = (
				740B5F2422C7ACE8007F5D7A /* Preview Assets.xcassets */,
			);
			path = "Preview Content";
			sourceTree = "<group>";
		};
/* End PBXGroup section */

/* Begin PBXNativeTarget section */
		740B5F1722C7ACE7007F5D7A /* SimonSayz */ = {
			isa = PBXNativeTarget;
			buildConfigurationList = 740B5F2C22C7ACE8007F5D7A /* Build configuration list for PBXNativeTarget "SimonSayz" */;
			buildPhases = (
				740B5F1422C7ACE7007F5D7A /* Sources */,
				740B5F1522C7ACE7007F5D7A /* Frameworks */,
				740B5F1622C7ACE7007F5D7A /* Resources */,
			);
			buildRules = (
			);
			dependencies = (
			);
			name = SimonSayz;
			productName = SimonSayz;
			productReference = 740B5F1822C7ACE7007F5D7A /* SimonSayz.app */;
			productType = "com.apple.product-type.application";
		};
/* End PBXNativeTarget section */

/* Begin PBXProject section */
		740B5F1022C7ACE7007F5D7A /* Project object */ = {
			isa = PBXProject;
			attributes = {
				LastSwiftUpdateCheck = 1100;
				LastUpgradeCheck = 1100;
				ORGANIZATIONNAME = Wiktor;
				TargetAttributes = {
					740B5F1722C7ACE7007F5D7A = {
						CreatedOnToolsVersion = 11.0;
					};
				};
			};
			buildConfigurationList = 740B5F1322C7ACE7007F5D7A /* Build configuration list for PBXProject "SimonSayz" */;
			compatibilityVersion = "Xcode 9.3";
			developmentRegion = en;
			hasScannedForEncodings = 0;
			knownRegions = (
				en,
				Base,
			);
			mainGroup = 740B5F0F22C7ACE6007F5D7A;
			productRefGroup = 740B5F1922C7ACE7007F5D7A /* Products */;
			projectDirPath = "";
			projectRoot = "";
			targets = (
				740B5F1722C7ACE7007F5D7A /* SimonSayz */,
			);
		};
/* End PBXProject section */

/* Begin PBXResourcesBuildPhase section */
		740B5F1622C7ACE7007F5D7A /* Resources */ = {
			isa = PBXResourcesBuildPhase;
			buildActionMask = 2147483647;
			files = (
				740B5F2822C7ACE8007F5D7A /* LaunchScreen.storyboard in Resources */,
				740B5F2522C7ACE8007F5D7A /* Preview Assets.xcassets in Resources */,
				740B5F2222C7ACE8007F5D7A /* Assets.xcassets in Resources */,
			);
			runOnlyForDeploymentPostprocessing = 0;
		};
/* End PBXResourcesBuildPhase section */

/* Begin PBXSourcesBuildPhase section */
		740B5F1422C7ACE7007F5D7A /* Sources */ = {
			isa = PBXSourcesBuildPhase;
			buildActionMask = 2147483647;
			files = (
				740B5F1C22C7ACE7007F5D7A /* AppDelegate.swift in Sources */,
				740B5F1E22C7ACE7007F5D7A /* SceneDelegate.swift in Sources */,
				740B5F3222C7BEC0007F5D7A /* SimonButton.swift in Sources */,
				740B5F2022C7ACE7007F5D7A /* ContentView.swift in Sources */,
			);
			runOnlyForDeploymentPostprocessing = 0;
		};
/* End PBXSourcesBuildPhase section */

/* Begin PBXVariantGroup section */
		740B5F2622C7ACE8007F5D7A /* LaunchScreen.storyboard */ = {
			isa = PBXVariantGroup;
			children = (
				740B5F2722C7ACE8007F5D7A /* Base */,
			);
			name = LaunchScreen.storyboard;
			sourceTree = "<group>";
		};
/* End PBXVariantGroup section */

/* Begin XCBuildConfiguration section */
		740B5F2A22C7ACE8007F5D7A /* Debug */ = {
			isa = XCBuildConfiguration;
			buildSettings = {
				ALWAYS_SEARCH_USER_PATHS = NO;
				CLANG_ANALYZER_NONNULL = YES;
				CLANG_ANALYZER_NUMBER_OBJECT_CONVERSION = YES_AGGRESSIVE;
				CLANG_CXX_LANGUAGE_STANDARD = "gnu++14";
				CLANG_CXX_LIBRARY = "libc++";
				CLANG_ENABLE_MODULES = YES;
				CLANG_ENABLE_OBJC_ARC = YES;
				CLANG_ENABLE_OBJC_WEAK = YES;
				CLANG_WARN_BLOCK_CAPTURE_AUTORELEASING = YES;
				CLANG_WARN_BOOL_CONVERSION = YES;
				CLANG_WARN_COMMA = YES;
				CLANG_WARN_CONSTANT_CONVERSION = YES;
				CLANG_WARN_DEPRECATED_OBJC_IMPLEMENTATIONS = YES;
				CLANG_WARN_DIRECT_OBJC_ISA_USAGE = YES_ERROR;
				CLANG_WARN_DOCUMENTATION_COMMENTS = YES;
				CLANG_WARN_EMPTY_BODY = YES;
				CLANG_WARN_ENUM_CONVERSION = YES;
				CLANG_WARN_INFINITE_RECURSION = YES;
				CLANG_WARN_INT_CONVERSION = YES;
				CLANG_WARN_NON_LITERAL_NULL_CONVERSION = YES;
				CLANG_WARN_OBJC_IMPLICIT_RETAIN_SELF = YES;
				CLANG_WARN_OBJC_LITERAL_CONVERSION = YES;
				CLANG_WARN_OBJC_ROOT_CLASS = YES_ERROR;
				CLANG_WARN_RANGE_LOOP_ANALYSIS = YES;
				CLANG_WARN_STRICT_PROTOTYPES = YES;
				CLANG_WARN_SUSPICIOUS_MOVE = YES;
				CLANG_WARN_UNGUARDED_AVAILABILITY = YES_AGGRESSIVE;
				CLANG_WARN_UNREACHABLE_CODE = YES;
				CLANG_WARN__DUPLICATE_METHOD_MATCH = YES;
				COPY_PHASE_STRIP = NO;
				DEBUG_INFORMATION_FORMAT = dwarf;
				ENABLE_STRICT_OBJC_MSGSEND = YES;
				ENABLE_TESTABILITY = YES;
				GCC_C_LANGUAGE_STANDARD = gnu11;
				GCC_DYNAMIC_NO_PIC = NO;
				GCC_NO_COMMON_BLOCKS = YES;
				GCC_OPTIMIZATION_LEVEL = 0;
				GCC_PREPROCESSOR_DEFINITIONS = (
					"DEBUG=1",
					"$(inherited)",
				);
				GCC_WARN_64_TO_32_BIT_CONVERSION = YES;
				GCC_WARN_ABOUT_RETURN_TYPE = YES_ERROR;
				GCC_WARN_UNDECLARED_SELECTOR = YES;
				GCC_WARN_UNINITIALIZED_AUTOS = YES_AGGRESSIVE;
				GCC_WARN_UNUSED_FUNCTION = YES;
				GCC_WARN_UNUSED_VARIABLE = YES;
				IPHONEOS_DEPLOYMENT_TARGET = 13.0;
				MTL_ENABLE_DEBUG_INFO = INCLUDE_SOURCE;
				MTL_FAST_MATH = YES;
				ONLY_ACTIVE_ARCH = YES;
				SDKROOT = iphoneos;
				SWIFT_ACTIVE_COMPILATION_CONDITIONS = DEBUG;
				SWIFT_OPTIMIZATION_LEVEL = "-Onone";
			};
			name = Debug;
		};
		740B5F2B22C7ACE8007F5D7A /* Release */ = {
			isa = XCBuildConfiguration;
			buildSettings = {
				ALWAYS_SEARCH_USER_PATHS = NO;
				CLANG_ANALYZER_NONNULL = YES;
				CLANG_ANALYZER_NUMBER_OBJECT_CONVERSION = YES_AGGRESSIVE;
				CLANG_CXX_LANGUAGE_STANDARD = "gnu++14";
				CLANG_CXX_LIBRARY = "libc++";
				CLANG_ENABLE_MODULES = YES;
				CLANG_ENABLE_OBJC_ARC = YES;
				CLANG_ENABLE_OBJC_WEAK = YES;
				CLANG_WARN_BLOCK_CAPTURE_AUTORELEASING = YES;
				CLANG_WARN_BOOL_CONVERSION = YES;
				CLANG_WARN_COMMA = YES;
				CLANG_WARN_CONSTANT_CONVERSION = YES;
				CLANG_WARN_DEPRECATED_OBJC_IMPLEMENTATIONS = YES;
				CLANG_WARN_DIRECT_OBJC_ISA_USAGE = YES_ERROR;
				CLANG_WARN_DOCUMENTATION_COMMENTS = YES;
				CLANG_WARN_EMPTY_BODY = YES;
				CLANG_WARN_ENUM_CONVERSION = YES;
				CLANG_WARN_INFINITE_RECURSION = YES;
				CLANG_WARN_INT_CONVERSION = YES;
				CLANG_WARN_NON_LITERAL_NULL_CONVERSION = YES;
				CLANG_WARN_OBJC_IMPLICIT_RETAIN_SELF = YES;
				CLANG_WARN_OBJC_LITERAL_CONVERSION = YES;
				CLANG_WARN_OBJC_ROOT_CLASS = YES_ERROR;
				CLANG_WARN_RANGE_LOOP_ANALYSIS = YES;
				CLANG_WARN_STRICT_PROTOTYPES = YES;
				CLANG_WARN_SUSPICIOUS_MOVE = YES;
				CLANG_WARN_UNGUARDED_AVAILABILITY = YES_AGGRESSIVE;
				CLANG_WARN_UNREACHABLE_CODE = YES;
				CLANG_WARN__DUPLICATE_METHOD_MATCH = YES;
				COPY_PHASE_STRIP = NO;
				DEBUG_INFORMATION_FORMAT = "dwarf-with-dsym";
				ENABLE_NS_ASSERTIONS = NO;
				ENABLE_STRICT_OBJC_MSGSEND = YES;
				GCC_C_LANGUAGE_STANDARD = gnu11;
				GCC_NO_COMMON_BLOCKS = YES;
				GCC_WARN_64_TO_32_BIT_CONVERSION = YES;
				GCC_WARN_ABOUT_RETURN_TYPE = YES_ERROR;
				GCC_WARN_UNDECLARED_SELECTOR = YES;
				GCC_WARN_UNINITIALIZED_AUTOS = YES_AGGRESSIVE;
				GCC_WARN_UNUSED_FUNCTION = YES;
				GCC_WARN_UNUSED_VARIABLE = YES;
				IPHONEOS_DEPLOYMENT_TARGET = 13.0;
				MTL_ENABLE_DEBUG_INFO = NO;
				MTL_FAST_MATH = YES;
				SDKROOT = iphoneos;
				SWIFT_COMPILATION_MODE = wholemodule;
				SWIFT_OPTIMIZATION_LEVEL = "-O";
				VALIDATE_PRODUCT = YES;
			};
			name = Release;
		};
		740B5F2D22C7ACE8007F5D7A /* Debug */ = {
			isa = XCBuildConfiguration;
			buildSettings = {
				ASSETCATALOG_COMPILER_APPICON_NAME = AppIcon;
				CODE_SIGN_STYLE = Automatic;
				DEVELOPMENT_ASSET_PATHS = "SimonSayz/Preview\\ Content";
				DEVELOPMENT_TEAM = 267ZL85HB6;
				ENABLE_PREVIEWS = YES;
				INFOPLIST_FILE = SimonSayz/Info.plist;
				LD_RUNPATH_SEARCH_PATHS = (
					"$(inherited)",
					"@executable_path/Frameworks",
				);
				PRODUCT_BUNDLE_IDENTIFIER = com.WiktorGala.SimonSayz;
				PRODUCT_NAME = "$(TARGET_NAME)";
				SWIFT_VERSION = 5.0;
				TARGETED_DEVICE_FAMILY = "1,2";
			};
			name = Debug;
		};
		740B5F2E22C7ACE8007F5D7A /* Release */ = {
			isa = XCBuildConfiguration;
			buildSettings = {
				ASSETCATALOG_COMPILER_APPICON_NAME = AppIcon;
				CODE_SIGN_STYLE = Automatic;
				DEVELOPMENT_ASSET_PATHS = "SimonSayz/Preview\\ Content";
				DEVELOPMENT_TEAM = 267ZL85HB6;
				ENABLE_PREVIEWS = YES;
				INFOPLIST_FILE = SimonSayz/Info.plist;
				LD_RUNPATH_SEARCH_PATHS = (
					"$(inherited)",
					"@executable_path/Frameworks",
				);
				PRODUCT_BUNDLE_IDENTIFIER = com.WiktorGala.SimonSayz;
				PRODUCT_NAME = "$(TARGET_NAME)";
				SWIFT_VERSION = 5.0;
				TARGETED_DEVICE_FAMILY = "1,2";
			};
			name = Release;
		};
/* End XCBuildConfiguration section */

/* Begin XCConfigurationList section */
		740B5F1322C7ACE7007F5D7A /* Build configuration list for PBXProject "SimonSayz" */ = {
			isa = XCConfigurationList;
			buildConfigurations = (
				740B5F2A22C7ACE8007F5D7A /* Debug */,
				740B5F2B22C7ACE8007F5D7A /* Release */,
			);
			defaultConfigurationIsVisible = 0;
			defaultConfigurationName = Release;
		};
		740B5F2C22C7ACE8007F5D7A /* Build configuration list for PBXNativeTarget "SimonSayz" */ = {
			isa = XCConfigurationList;
			buildConfigurations = (
				740B5F2D22C7ACE8007F5D7A /* Debug */,
				740B5F2E22C7ACE8007F5D7A /* Release */,
			);
			defaultConfigurationIsVisible = 0;
			defaultConfigurationName = Release;
		};
/* End XCConfigurationList section */
	};
	rootObject = 740B5F1022C7ACE7007F5D7A /* Project object */;
}
